{
  "version": 4,
  "terraform_version": "1.13.3",
  "serial": 100,
  "lineage": "c42bc37b-68bf-7556-61ca-6f1dc9933279",
  "outputs": {
    "acr_admin_password": {
      "value": "fgULrM0iheOypScuyasgnRFtAmNZtnLLzKKfyRNit7+ACRCuEo8u",
      "type": "string",
      "sensitive": true
    },
    "acr_admin_username": {
      "value": "devopsproj2najlaacr",
      "type": "string"
    },
    "acr_login_server": {
      "value": "devopsproj2najlaacr.azurecr.io",
      "type": "string"
    },
    "appgw_public_ip": {
      "value": "48.210.248.193",
      "type": "string"
    },
    "be_internal_fqdn": {
      "value": "devopsproj2najla-backend--0000006.wonderfulpebble-d34e3f53.japaneast.azurecontainerapps.io",
      "type": "string"
    },
    "fe_internal_fqdn": {
      "value": "devopsproj2najla-frontend--0000010.wonderfulpebble-d34e3f53.japaneast.azurecontainerapps.io",
      "type": "string"
    },
    "sql_server": {
      "value": "devopsproj2najla-sqlsrv.database.windows.net",
      "type": "string"
    }
  },
  "resources": [
    {
      "mode": "managed",
      "type": "azurerm_application_gateway",
      "name": "appgw",
      "provider": "provider[\"registry.terraform.io/hashicorp/azurerm\"]",
      "instances": [
        {
          "schema_version": 0,
          "attributes": {
            "authentication_certificate": [],
            "autoscale_configuration": [],
            "backend_address_pool": [
              {
                "fqdns": [
                  "devopsproj2najla-backend.wonderfulpebble-d34e3f53.japaneast.azurecontainerapps.io"
                ],
                "id": "/subscriptions/4421688c-0a8d-4588-8dd0-338c5271d0af/resourceGroups/rg-najla-devopsproj2/providers/Microsoft.Network/applicationGateways/devopsproj2najla-appgw/backendAddressPools/pool-api",
                "ip_addresses": [],
                "name": "pool-api"
              },
              {
                "fqdns": [
                  "devopsproj2najla-frontend.wonderfulpebble-d34e3f53.japaneast.azurecontainerapps.io"
                ],
                "id": "/subscriptions/4421688c-0a8d-4588-8dd0-338c5271d0af/resourceGroups/rg-najla-devopsproj2/providers/Microsoft.Network/applicationGateways/devopsproj2najla-appgw/backendAddressPools/pool-fe",
                "ip_addresses": [],
                "name": "pool-fe"
              }
            ],
            "backend_http_settings": [
              {
                "affinity_cookie_name": "",
                "authentication_certificate": [],
                "connection_draining": [],
                "cookie_based_affinity": "Disabled",
                "host_name": "",
                "id": "/subscriptions/4421688c-0a8d-4588-8dd0-338c5271d0af/resourceGroups/rg-najla-devopsproj2/providers/Microsoft.Network/applicationGateways/devopsproj2najla-appgw/backendHttpSettingsCollection/api-http",
                "name": "api-http",
                "path": "",
                "pick_host_name_from_backend_address": true,
                "port": 80,
                "probe_id": "/subscriptions/4421688c-0a8d-4588-8dd0-338c5271d0af/resourceGroups/rg-najla-devopsproj2/providers/Microsoft.Network/applicationGateways/devopsproj2najla-appgw/probes/probe-api",
                "probe_name": "probe-api",
                "protocol": "Http",
                "request_timeout": 90,
                "trusted_root_certificate_names": []
              },
              {
                "affinity_cookie_name": "",
                "authentication_certificate": [],
                "connection_draining": [],
                "cookie_based_affinity": "Disabled",
                "host_name": "",
                "id": "/subscriptions/4421688c-0a8d-4588-8dd0-338c5271d0af/resourceGroups/rg-najla-devopsproj2/providers/Microsoft.Network/applicationGateways/devopsproj2najla-appgw/backendHttpSettingsCollection/fe-http",
                "name": "fe-http",
                "path": "",
                "pick_host_name_from_backend_address": true,
                "port": 80,
                "probe_id": "/subscriptions/4421688c-0a8d-4588-8dd0-338c5271d0af/resourceGroups/rg-najla-devopsproj2/providers/Microsoft.Network/applicationGateways/devopsproj2najla-appgw/probes/probe-fe",
                "probe_name": "probe-fe",
                "protocol": "Http",
                "request_timeout": 30,
                "trusted_root_certificate_names": []
              }
            ],
            "custom_error_configuration": [],
            "enable_http2": true,
            "fips_enabled": false,
            "firewall_policy_id": "",
            "force_firewall_policy_association": false,
            "frontend_ip_configuration": [
              {
                "id": "/subscriptions/4421688c-0a8d-4588-8dd0-338c5271d0af/resourceGroups/rg-najla-devopsproj2/providers/Microsoft.Network/applicationGateways/devopsproj2najla-appgw/frontendIPConfigurations/feip",
                "name": "feip",
                "private_ip_address": "",
                "private_ip_address_allocation": "Dynamic",
                "private_link_configuration_id": "",
                "private_link_configuration_name": "",
                "public_ip_address_id": "/subscriptions/4421688c-0a8d-4588-8dd0-338c5271d0af/resourceGroups/rg-najla-devopsproj2/providers/Microsoft.Network/publicIPAddresses/devopsproj2najla-appgw-pip",
                "subnet_id": ""
              }
            ],
            "frontend_port": [
              {
                "id": "/subscriptions/4421688c-0a8d-4588-8dd0-338c5271d0af/resourceGroups/rg-najla-devopsproj2/providers/Microsoft.Network/applicationGateways/devopsproj2najla-appgw/frontendPorts/feport80",
                "name": "feport80",
                "port": 80
              }
            ],
            "gateway_ip_configuration": [
              {
                "id": "/subscriptions/4421688c-0a8d-4588-8dd0-338c5271d0af/resourceGroups/rg-najla-devopsproj2/providers/Microsoft.Network/applicationGateways/devopsproj2najla-appgw/gatewayIPConfigurations/gwipc",
                "name": "gwipc",
                "subnet_id": "/subscriptions/4421688c-0a8d-4588-8dd0-338c5271d0af/resourceGroups/rg-najla-devopsproj2/providers/Microsoft.Network/virtualNetworks/devopsproj2najla-vnet/subnets/snet-appgw"
              }
            ],
            "global": [],
            "http_listener": [
              {
                "custom_error_configuration": [],
                "firewall_policy_id": "",
                "frontend_ip_configuration_id": "/subscriptions/4421688c-0a8d-4588-8dd0-338c5271d0af/resourceGroups/rg-najla-devopsproj2/providers/Microsoft.Network/applicationGateways/devopsproj2najla-appgw/frontendIPConfigurations/feip",
                "frontend_ip_configuration_name": "feip",
                "frontend_port_id": "/subscriptions/4421688c-0a8d-4588-8dd0-338c5271d0af/resourceGroups/rg-najla-devopsproj2/providers/Microsoft.Network/applicationGateways/devopsproj2najla-appgw/frontendPorts/feport80",
                "frontend_port_name": "feport80",
                "host_name": "",
                "host_names": [],
                "id": "/subscriptions/4421688c-0a8d-4588-8dd0-338c5271d0af/resourceGroups/rg-najla-devopsproj2/providers/Microsoft.Network/applicationGateways/devopsproj2najla-appgw/httpListeners/http",
                "name": "http",
                "protocol": "Http",
                "require_sni": false,
                "ssl_certificate_id": "",
                "ssl_certificate_name": "",
                "ssl_profile_id": "",
                "ssl_profile_name": ""
              }
            ],
            "id": "/subscriptions/4421688c-0a8d-4588-8dd0-338c5271d0af/resourceGroups/rg-najla-devopsproj2/providers/Microsoft.Network/applicationGateways/devopsproj2najla-appgw",
            "identity": [],
            "location": "japaneast",
            "name": "devopsproj2najla-appgw",
            "private_endpoint_connection": [],
            "private_link_configuration": [],
            "probe": [
              {
                "host": "",
                "id": "/subscriptions/4421688c-0a8d-4588-8dd0-338c5271d0af/resourceGroups/rg-najla-devopsproj2/providers/Microsoft.Network/applicationGateways/devopsproj2najla-appgw/probes/probe-api",
                "interval": 30,
                "match": [
                  {
                    "body": "",
                    "status_code": [
                      "200-399"
                    ]
                  }
                ],
                "minimum_servers": 0,
                "name": "probe-api",
                "path": "/api/health",
                "pick_host_name_from_backend_http_settings": true,
                "port": 0,
                "protocol": "Http",
                "timeout": 90,
                "unhealthy_threshold": 3
              },
              {
                "host": "",
                "id": "/subscriptions/4421688c-0a8d-4588-8dd0-338c5271d0af/resourceGroups/rg-najla-devopsproj2/providers/Microsoft.Network/applicationGateways/devopsproj2najla-appgw/probes/probe-fe",
                "interval": 30,
                "match": [
                  {
                    "body": "",
                    "status_code": [
                      "200-399"
                    ]
                  }
                ],
                "minimum_servers": 0,
                "name": "probe-fe",
                "path": "/",
                "pick_host_name_from_backend_http_settings": true,
                "port": 0,
                "protocol": "Http",
                "timeout": 60,
                "unhealthy_threshold": 3
              }
            ],
            "redirect_configuration": [],
            "request_routing_rule": [
              {
                "backend_address_pool_id": "",
                "backend_address_pool_name": "",
                "backend_http_settings_id": "",
                "backend_http_settings_name": "",
                "http_listener_id": "/subscriptions/4421688c-0a8d-4588-8dd0-338c5271d0af/resourceGroups/rg-najla-devopsproj2/providers/Microsoft.Network/applicationGateways/devopsproj2najla-appgw/httpListeners/http",
                "http_listener_name": "http",
                "id": "/subscriptions/4421688c-0a8d-4588-8dd0-338c5271d0af/resourceGroups/rg-najla-devopsproj2/providers/Microsoft.Network/applicationGateways/devopsproj2najla-appgw/requestRoutingRules/path-routing",
                "name": "path-routing",
                "priority": 1,
                "redirect_configuration_id": "",
                "redirect_configuration_name": "",
                "rewrite_rule_set_id": "",
                "rewrite_rule_set_name": "",
                "rule_type": "PathBasedRouting",
                "url_path_map_id": "/subscriptions/4421688c-0a8d-4588-8dd0-338c5271d0af/resourceGroups/rg-najla-devopsproj2/providers/Microsoft.Network/applicationGateways/devopsproj2najla-appgw/urlPathMaps/api-map",
                "url_path_map_name": "api-map"
              }
            ],
            "resource_group_name": "rg-najla-devopsproj2",
            "rewrite_rule_set": [],
            "sku": [
              {
                "capacity": 1,
                "name": "Standard_v2",
                "tier": "Standard_v2"
              }
            ],
            "ssl_certificate": [],
            "ssl_policy": [
              {
                "cipher_suites": [],
                "disabled_protocols": [],
                "min_protocol_version": "",
                "policy_name": "AppGwSslPolicy20220101S",
                "policy_type": "Predefined"
              }
            ],
            "ssl_profile": [],
            "tags": {
              "project": "devopsproj2najla"
            },
            "timeouts": null,
            "trusted_client_certificate": [],
            "trusted_root_certificate": [],
            "url_path_map": [
              {
                "default_backend_address_pool_id": "/subscriptions/4421688c-0a8d-4588-8dd0-338c5271d0af/resourceGroups/rg-najla-devopsproj2/providers/Microsoft.Network/applicationGateways/devopsproj2najla-appgw/backendAddressPools/pool-fe",
                "default_backend_address_pool_name": "pool-fe",
                "default_backend_http_settings_id": "/subscriptions/4421688c-0a8d-4588-8dd0-338c5271d0af/resourceGroups/rg-najla-devopsproj2/providers/Microsoft.Network/applicationGateways/devopsproj2najla-appgw/backendHttpSettingsCollection/fe-http",
                "default_backend_http_settings_name": "fe-http",
                "default_redirect_configuration_id": "",
                "default_redirect_configuration_name": "",
                "default_rewrite_rule_set_id": "",
                "default_rewrite_rule_set_name": "",
                "id": "/subscriptions/4421688c-0a8d-4588-8dd0-338c5271d0af/resourceGroups/rg-najla-devopsproj2/providers/Microsoft.Network/applicationGateways/devopsproj2najla-appgw/urlPathMaps/api-map",
                "name": "api-map",
                "path_rule": [
                  {
                    "backend_address_pool_id": "/subscriptions/4421688c-0a8d-4588-8dd0-338c5271d0af/resourceGroups/rg-najla-devopsproj2/providers/Microsoft.Network/applicationGateways/devopsproj2najla-appgw/backendAddressPools/pool-api",
                    "backend_address_pool_name": "pool-api",
                    "backend_http_settings_id": "/subscriptions/4421688c-0a8d-4588-8dd0-338c5271d0af/resourceGroups/rg-najla-devopsproj2/providers/Microsoft.Network/applicationGateways/devopsproj2najla-appgw/backendHttpSettingsCollection/api-http",
                    "backend_http_settings_name": "api-http",
                    "firewall_policy_id": "",
                    "id": "/subscriptions/4421688c-0a8d-4588-8dd0-338c5271d0af/resourceGroups/rg-najla-devopsproj2/providers/Microsoft.Network/applicationGateways/devopsproj2najla-appgw/urlPathMaps/api-map/pathRules/api-to-backend",
                    "name": "api-to-backend",
                    "paths": [
                      "/api/*"
                    ],
                    "redirect_configuration_id": "",
                    "redirect_configuration_name": "",
                    "rewrite_rule_set_id": "",
                    "rewrite_rule_set_name": ""
                  }
                ]
              }
            ],
            "waf_configuration": [],
            "zones": []
          },
          "sensitive_attributes": [],
          "identity_schema_version": 0,
          "private": "eyJlMmJmYjczMC1lY2FhLTExZTYtOGY4OC0zNDM2M2JjN2M0YzAiOnsiY3JlYXRlIjo1NDAwMDAwMDAwMDAwLCJkZWxldGUiOjU0MDAwMDAwMDAwMDAsInJlYWQiOjMwMDAwMDAwMDAwMCwidXBkYXRlIjo1NDAwMDAwMDAwMDAwfX0=",
          "dependencies": [
            "azurerm_container_app_environment.env",
            "azurerm_log_analytics_workspace.law",
            "azurerm_public_ip.pip_appgw",
            "azurerm_resource_group.rg",
            "azurerm_subnet.snet_aca",
            "azurerm_subnet.snet_appgw",
            "azurerm_virtual_network.vnet"
          ]
        }
      ]
    },
    {
      "mode": "managed",
      "type": "azurerm_application_insights",
      "name": "appi",
      "provider": "provider[\"registry.terraform.io/hashicorp/azurerm\"]",
      "instances": [
        {
          "schema_version": 2,
          "attributes": {
            "app_id": "78f8fb14-3924-460a-bac6-c0b1e65b3e60",
            "application_type": "web",
            "connection_string": "InstrumentationKey=ede411b1-4e5b-49ac-9233-f40b35b7bb72;IngestionEndpoint=https://japaneast-1.in.applicationinsights.azure.com/;LiveEndpoint=https://japaneast.livediagnostics.monitor.azure.com/;ApplicationId=78f8fb14-3924-460a-bac6-c0b1e65b3e60",
            "daily_data_cap_in_gb": 100,
            "daily_data_cap_notifications_disabled": false,
            "disable_ip_masking": false,
            "force_customer_storage_for_profiler": false,
            "id": "/subscriptions/4421688c-0a8d-4588-8dd0-338c5271d0af/resourceGroups/rg-najla-devopsproj2/providers/Microsoft.Insights/components/devopsproj2najla-appi",
            "instrumentation_key": "ede411b1-4e5b-49ac-9233-f40b35b7bb72",
            "internet_ingestion_enabled": true,
            "internet_query_enabled": true,
            "local_authentication_disabled": false,
            "location": "japaneast",
            "name": "devopsproj2najla-appi",
            "resource_group_name": "rg-najla-devopsproj2",
            "retention_in_days": 90,
            "sampling_percentage": 100,
            "tags": {},
            "timeouts": null,
            "workspace_id": "/subscriptions/4421688c-0a8d-4588-8dd0-338c5271d0af/resourceGroups/rg-najla-devopsproj2/providers/Microsoft.OperationalInsights/workspaces/devopsproj2najla-law"
          },
          "sensitive_attributes": [
            [
              {
                "type": "get_attr",
                "value": "connection_string"
              }
            ],
            [
              {
                "type": "get_attr",
                "value": "instrumentation_key"
              }
            ]
          ],
          "identity_schema_version": 0,
          "private": "eyJlMmJmYjczMC1lY2FhLTExZTYtOGY4OC0zNDM2M2JjN2M0YzAiOnsiY3JlYXRlIjozNjAwMDAwMDAwMDAwLCJkZWxldGUiOjE4MDAwMDAwMDAwMDAsInJlYWQiOjMwMDAwMDAwMDAwMCwidXBkYXRlIjoxODAwMDAwMDAwMDAwfSwic2NoZW1hX3ZlcnNpb24iOiIyIn0=",
          "dependencies": [
            "azurerm_log_analytics_workspace.law",
            "azurerm_resource_group.rg"
          ]
        }
      ]
    },
    {
      "mode": "managed",
      "type": "azurerm_container_app",
      "name": "be",
      "provider": "provider[\"registry.terraform.io/hashicorp/azurerm\"]",
      "instances": [
        {
          "schema_version": 0,
          "attributes": {
            "container_app_environment_id": "/subscriptions/4421688c-0a8d-4588-8dd0-338c5271d0af/resourceGroups/rg-najla-devopsproj2/providers/Microsoft.App/managedEnvironments/devopsproj2najla-aca-env",
            "custom_domain_verification_id": "C5629A918A3FA55FF147545881A75721689136F00C9C862C48493941404CBD3C",
            "dapr": [],
            "id": "/subscriptions/4421688c-0a8d-4588-8dd0-338c5271d0af/resourceGroups/rg-najla-devopsproj2/providers/Microsoft.App/containerApps/devopsproj2najla-backend",
            "identity": [],
            "ingress": [
              {
                "allow_insecure_connections": true,
                "custom_domain": [],
                "exposed_port": 0,
                "external_enabled": true,
                "fqdn": "devopsproj2najla-backend.wonderfulpebble-d34e3f53.japaneast.azurecontainerapps.io",
                "ip_security_restriction": [],
                "target_port": 8080,
                "traffic_weight": [
                  {
                    "label": "",
                    "latest_revision": true,
                    "percentage": 100,
                    "revision_suffix": ""
                  }
                ],
                "transport": "auto"
              }
            ],
            "latest_revision_fqdn": "devopsproj2najla-backend--0000006.wonderfulpebble-d34e3f53.japaneast.azurecontainerapps.io",
            "latest_revision_name": "devopsproj2najla-backend--0000006",
            "location": "japaneast",
            "name": "devopsproj2najla-backend",
            "outbound_ip_addresses": [
              "4.189.195.1"
            ],
            "registry": [
              {
                "identity": "",
                "password_secret_name": "acr-pw",
                "server": "devopsproj2najlaacr.azurecr.io",
                "username": "devopsproj2najlaacr"
              }
            ],
            "resource_group_name": "rg-najla-devopsproj2",
            "revision_mode": "Single",
            "secret": [
              {
                "identity": "",
                "key_vault_secret_id": "",
                "name": "acr-pw",
                "value": "fgULrM0iheOypScuyasgnRFtAmNZtnLLzKKfyRNit7+ACRCuEo8u"
              },
              {
                "identity": "",
                "key_vault_secret_id": "",
                "name": "sql-pw",
                "value": "Ironhack-sda7"
              }
            ],
            "tags": {},
            "template": [
              {
                "azure_queue_scale_rule": [],
                "container": [
                  {
                    "args": [],
                    "command": [],
                    "cpu": 0.5,
                    "env": [
                      {
                        "name": "SPRING_PROFILES_ACTIVE",
                        "secret_name": "",
                        "value": "azure"
                      },
                      {
                        "name": "DB_HOST",
                        "secret_name": "",
                        "value": "devopsproj2najla-sqlsrv.database.windows.net"
                      },
                      {
                        "name": "DB_NAME",
                        "secret_name": "",
                        "value": "devopsproj2najla-db"
                      },
                      {
                        "name": "DB_USERNAME",
                        "secret_name": "",
                        "value": "sqladminuser"
                      },
                      {
                        "name": "DB_PASSWORD",
                        "secret_name": "sql-pw",
                        "value": ""
                      },
                      {
                        "name": "DB_PORT",
                        "secret_name": "",
                        "value": "1433"
                      },
                      {
                        "name": "DB_DRIVER",
                        "secret_name": "",
                        "value": "com.microsoft.sqlserver.jdbc.SQLServerDriver"
                      },
                      {
                        "name": "MANAGEMENT_ENDPOINTS_WEB_EXPOSURE_INCLUDE",
                        "secret_name": "",
                        "value": "health,info"
                      },
                      {
                        "name": "MANAGEMENT_HEALTH_DB_ENABLED",
                        "secret_name": "",
                        "value": "false"
                      },
                      {
                        "name": "CORS_ALLOWED_ORIGINS",
                        "secret_name": "",
                        "value": "http://48.210.248.193"
                      }
                    ],
                    "ephemeral_storage": "2Gi",
                    "image": "devopsproj2najlaacr.azurecr.io/backend:v9",
                    "liveness_probe": [],
                    "memory": "1Gi",
                    "name": "backend",
                    "readiness_probe": [],
                    "startup_probe": [],
                    "volume_mounts": []
                  }
                ],
                "custom_scale_rule": [],
                "http_scale_rule": [],
                "init_container": [],
                "max_replicas": 3,
                "min_replicas": 1,
                "revision_suffix": "",
                "tcp_scale_rule": [],
                "volume": []
              }
            ],
            "timeouts": null,
            "workload_profile_name": ""
          },
          "sensitive_attributes": [
            [
              {
                "type": "get_attr",
                "value": "custom_domain_verification_id"
              }
            ],
            [
              {
                "type": "get_attr",
                "value": "secret"
              }
            ]
          ],
          "identity_schema_version": 0,
          "private": "eyJlMmJmYjczMC1lY2FhLTExZTYtOGY4OC0zNDM2M2JjN2M0YzAiOnsiY3JlYXRlIjoxODAwMDAwMDAwMDAwLCJkZWxldGUiOjE4MDAwMDAwMDAwMDAsInJlYWQiOjMwMDAwMDAwMDAwMCwidXBkYXRlIjoxODAwMDAwMDAwMDAwfX0=",
          "dependencies": [
            "azurerm_container_app_environment.env",
            "azurerm_container_registry.acr",
            "azurerm_log_analytics_workspace.law",
            "azurerm_resource_group.rg",
            "azurerm_subnet.snet_aca",
            "azurerm_virtual_network.vnet"
          ]
        }
      ]
    },
    {
      "mode": "managed",
      "type": "azurerm_container_app",
      "name": "fe",
      "provider": "provider[\"registry.terraform.io/hashicorp/azurerm\"]",
      "instances": [
        {
          "schema_version": 0,
          "attributes": {
            "container_app_environment_id": "/subscriptions/4421688c-0a8d-4588-8dd0-338c5271d0af/resourceGroups/rg-najla-devopsproj2/providers/Microsoft.App/managedEnvironments/devopsproj2najla-aca-env",
            "custom_domain_verification_id": "C5629A918A3FA55FF147545881A75721689136F00C9C862C48493941404CBD3C",
            "dapr": [],
            "id": "/subscriptions/4421688c-0a8d-4588-8dd0-338c5271d0af/resourceGroups/rg-najla-devopsproj2/providers/Microsoft.App/containerApps/devopsproj2najla-frontend",
            "identity": [],
            "ingress": [
              {
                "allow_insecure_connections": true,
                "custom_domain": [],
                "exposed_port": 0,
                "external_enabled": true,
                "fqdn": "devopsproj2najla-frontend.wonderfulpebble-d34e3f53.japaneast.azurecontainerapps.io",
                "ip_security_restriction": [],
                "target_port": 80,
                "traffic_weight": [
                  {
                    "label": "",
                    "latest_revision": true,
                    "percentage": 100,
                    "revision_suffix": ""
                  }
                ],
                "transport": "auto"
              }
            ],
            "latest_revision_fqdn": "devopsproj2najla-frontend--0000010.wonderfulpebble-d34e3f53.japaneast.azurecontainerapps.io",
            "latest_revision_name": "devopsproj2najla-frontend--0000010",
            "location": "japaneast",
            "name": "devopsproj2najla-frontend",
            "outbound_ip_addresses": [
              "4.189.195.1"
            ],
            "registry": [
              {
                "identity": "",
                "password_secret_name": "acr-pw",
                "server": "devopsproj2najlaacr.azurecr.io",
                "username": "devopsproj2najlaacr"
              }
            ],
            "resource_group_name": "rg-najla-devopsproj2",
            "revision_mode": "Single",
            "secret": [
              {
                "identity": "",
                "key_vault_secret_id": "",
                "name": "acr-pw",
                "value": "fgULrM0iheOypScuyasgnRFtAmNZtnLLzKKfyRNit7+ACRCuEo8u"
              }
            ],
            "tags": {},
            "template": [
              {
                "azure_queue_scale_rule": [],
                "container": [
                  {
                    "args": [],
                    "command": [],
                    "cpu": 0.5,
                    "env": [
                      {
                        "name": "VITE_API_BASE_URL",
                        "secret_name": "",
                        "value": "http://48.210.248.193"
                      }
                    ],
                    "ephemeral_storage": "2Gi",
                    "image": "devopsproj2najlaacr.azurecr.io/frontend:v11",
                    "liveness_probe": [
                      {
                        "failure_count_threshold": 3,
                        "header": [],
                        "host": "",
                        "initial_delay": 1,
                        "interval_seconds": 10,
                        "path": "/",
                        "port": 80,
                        "termination_grace_period_seconds": 0,
                        "timeout": 1,
                        "transport": "HTTP"
                      }
                    ],
                    "memory": "1Gi",
                    "name": "frontend",
                    "readiness_probe": [
                      {
                        "failure_count_threshold": 3,
                        "header": [],
                        "host": "",
                        "interval_seconds": 10,
                        "path": "/",
                        "port": 80,
                        "success_count_threshold": 3,
                        "timeout": 1,
                        "transport": "HTTP"
                      }
                    ],
                    "startup_probe": [],
                    "volume_mounts": []
                  }
                ],
                "custom_scale_rule": [],
                "http_scale_rule": [],
                "init_container": [],
                "max_replicas": 3,
                "min_replicas": 1,
                "revision_suffix": "",
                "tcp_scale_rule": [],
                "volume": []
              }
            ],
            "timeouts": null,
            "workload_profile_name": ""
          },
          "sensitive_attributes": [
            [
              {
                "type": "get_attr",
                "value": "custom_domain_verification_id"
              }
            ],
            [
              {
                "type": "get_attr",
                "value": "secret"
              }
            ]
          ],
          "identity_schema_version": 0,
          "private": "eyJlMmJmYjczMC1lY2FhLTExZTYtOGY4OC0zNDM2M2JjN2M0YzAiOnsiY3JlYXRlIjoxODAwMDAwMDAwMDAwLCJkZWxldGUiOjE4MDAwMDAwMDAwMDAsInJlYWQiOjMwMDAwMDAwMDAwMCwidXBkYXRlIjoxODAwMDAwMDAwMDAwfX0=",
          "dependencies": [
            "azurerm_container_app_environment.env",
            "azurerm_container_registry.acr",
            "azurerm_log_analytics_workspace.law",
            "azurerm_resource_group.rg",
            "azurerm_subnet.snet_aca",
            "azurerm_virtual_network.vnet"
          ]
        }
      ]
    },
    {
      "mode": "managed",
      "type": "azurerm_container_app_environment",
      "name": "env",
      "provider": "provider[\"registry.terraform.io/hashicorp/azurerm\"]",
      "instances": [
        {
          "schema_version": 0,
          "attributes": {
            "custom_domain_verification_id": "C5629A918A3FA55FF147545881A75721689136F00C9C862C48493941404CBD3C",
            "dapr_application_insights_connection_string": "",
            "default_domain": "wonderfulpebble-d34e3f53.japaneast.azurecontainerapps.io",
            "docker_bridge_cidr": "",
            "id": "/subscriptions/4421688c-0a8d-4588-8dd0-338c5271d0af/resourceGroups/rg-najla-devopsproj2/providers/Microsoft.App/managedEnvironments/devopsproj2najla-aca-env",
            "infrastructure_resource_group_name": "",
            "infrastructure_subnet_id": "/subscriptions/4421688c-0a8d-4588-8dd0-338c5271d0af/resourceGroups/rg-najla-devopsproj2/providers/Microsoft.Network/virtualNetworks/devopsproj2najla-vnet/subnets/snet-aca",
            "internal_load_balancer_enabled": true,
            "location": "japaneast",
            "log_analytics_workspace_id": "/subscriptions/4421688c-0a8d-4588-8dd0-338c5271d0af/resourceGroups/rg-najla-devopsproj2/providers/Microsoft.OperationalInsights/workspaces/devopsproj2najla-law",
            "mutual_tls_enabled": false,
            "name": "devopsproj2najla-aca-env",
            "platform_reserved_cidr": "10.0.0.0/16",
            "platform_reserved_dns_ip_address": "10.0.0.2",
            "resource_group_name": "rg-najla-devopsproj2",
            "static_ip_address": "10.30.2.62",
            "tags": {},
            "timeouts": null,
            "workload_profile": [],
            "zone_redundancy_enabled": false
          },
          "sensitive_attributes": [
            [
              {
                "type": "get_attr",
                "value": "dapr_application_insights_connection_string"
              }
            ]
          ],
          "identity_schema_version": 0,
          "private": "eyJlMmJmYjczMC1lY2FhLTExZTYtOGY4OC0zNDM2M2JjN2M0YzAiOnsiY3JlYXRlIjoxODAwMDAwMDAwMDAwLCJkZWxldGUiOjE4MDAwMDAwMDAwMDAsInJlYWQiOjMwMDAwMDAwMDAwMCwidXBkYXRlIjoxODAwMDAwMDAwMDAwfX0=",
          "dependencies": [
            "azurerm_log_analytics_workspace.law",
            "azurerm_resource_group.rg",
            "azurerm_subnet.snet_aca",
            "azurerm_virtual_network.vnet"
          ]
        }
      ]
    },
    {
      "mode": "managed",
      "type": "azurerm_container_registry",
      "name": "acr",
      "provider": "provider[\"registry.terraform.io/hashicorp/azurerm\"]",
      "instances": [
        {
          "schema_version": 2,
          "attributes": {
            "admin_enabled": true,
            "admin_password": "fgULrM0iheOypScuyasgnRFtAmNZtnLLzKKfyRNit7+ACRCuEo8u",
            "admin_username": "devopsproj2najlaacr",
            "anonymous_pull_enabled": false,
            "data_endpoint_enabled": false,
            "encryption": [
              {
                "enabled": false,
                "identity_client_id": "",
                "key_vault_key_id": ""
              }
            ],
            "export_policy_enabled": true,
            "georeplications": [],
            "id": "/subscriptions/4421688c-0a8d-4588-8dd0-338c5271d0af/resourceGroups/rg-najla-devopsproj2/providers/Microsoft.ContainerRegistry/registries/devopsproj2najlaacr",
            "identity": [],
            "location": "japaneast",
            "login_server": "devopsproj2najlaacr.azurecr.io",
            "name": "devopsproj2najlaacr",
            "network_rule_bypass_option": "AzureServices",
            "network_rule_set": [],
            "public_network_access_enabled": true,
            "quarantine_policy_enabled": false,
            "resource_group_name": "rg-najla-devopsproj2",
            "retention_policy": [
              {
                "days": 7,
                "enabled": false
              }
            ],
            "sku": "Basic",
            "tags": {
              "project": "devopsproj2najla",
              "purpose": "container-registry"
            },
            "timeouts": null,
            "trust_policy": [
              {
                "enabled": false
              }
            ],
            "zone_redundancy_enabled": false
          },
          "sensitive_attributes": [
            [
              {
                "type": "get_attr",
                "value": "admin_password"
              }
            ]
          ],
          "identity_schema_version": 0,
          "private": "eyJlMmJmYjczMC1lY2FhLTExZTYtOGY4OC0zNDM2M2JjN2M0YzAiOnsiY3JlYXRlIjoxODAwMDAwMDAwMDAwLCJkZWxldGUiOjE4MDAwMDAwMDAwMDAsInJlYWQiOjMwMDAwMDAwMDAwMCwidXBkYXRlIjoxODAwMDAwMDAwMDAwfSwic2NoZW1hX3ZlcnNpb24iOiIyIn0=",
          "dependencies": [
            "azurerm_resource_group.rg"
          ]
        }
      ]
    },
    {
      "mode": "managed",
      "type": "azurerm_log_analytics_workspace",
      "name": "law",
      "provider": "provider[\"registry.terraform.io/hashicorp/azurerm\"]",
      "instances": [
        {
          "schema_version": 3,
          "attributes": {
            "allow_resource_only_permissions": true,
            "cmk_for_query_forced": false,
            "daily_quota_gb": -1,
            "data_collection_rule_id": "",
            "id": "/subscriptions/4421688c-0a8d-4588-8dd0-338c5271d0af/resourceGroups/rg-najla-devopsproj2/providers/Microsoft.OperationalInsights/workspaces/devopsproj2najla-law",
            "identity": [],
            "immediate_data_purge_on_30_days_enabled": false,
            "internet_ingestion_enabled": true,
            "internet_query_enabled": true,
            "local_authentication_disabled": false,
            "location": "japaneast",
            "name": "devopsproj2najla-law",
            "primary_shared_key": "gMg2l/pYz5wwf91CQWZ6Ts7zX1l+c/oZFtI41xXKpMYLYvOgs80LaWjz577tASqF2LbiDuL/8yNE5V66hKOFlg==",
            "reservation_capacity_in_gb_per_day": null,
            "resource_group_name": "rg-najla-devopsproj2",
            "retention_in_days": 30,
            "secondary_shared_key": "KwV5d90zAVBErMRwW8UBNU7HIJ8UmLbBIC++JniNeBrlSTg4h7NAENpykQ0sxbiGkMSNTXP0Ydvvy26Pa8NRzA==",
            "sku": "PerGB2018",
            "tags": {},
            "timeouts": null,
            "workspace_id": "2c531553-7f10-4742-8205-cc2cebc45539"
          },
          "sensitive_attributes": [
            [
              {
                "type": "get_attr",
                "value": "primary_shared_key"
              }
            ],
            [
              {
                "type": "get_attr",
                "value": "secondary_shared_key"
              }
            ]
          ],
          "identity_schema_version": 0,
          "private": "eyJlMmJmYjczMC1lY2FhLTExZTYtOGY4OC0zNDM2M2JjN2M0YzAiOnsiY3JlYXRlIjoxODAwMDAwMDAwMDAwLCJkZWxldGUiOjE4MDAwMDAwMDAwMDAsInJlYWQiOjMwMDAwMDAwMDAwMCwidXBkYXRlIjoxODAwMDAwMDAwMDAwfSwic2NoZW1hX3ZlcnNpb24iOiIzIn0=",
          "dependencies": [
            "azurerm_resource_group.rg"
          ]
        }
      ]
    },
    {
      "mode": "managed",
      "type": "azurerm_monitor_action_group",
      "name": "alerts",
      "provider": "provider[\"registry.terraform.io/hashicorp/azurerm\"]",
      "instances": [
        {
          "schema_version": 1,
          "attributes": {
            "arm_role_receiver": [],
            "automation_runbook_receiver": [],
            "azure_app_push_receiver": [],
            "azure_function_receiver": [],
            "email_receiver": [
              {
                "email_address": "jules.sa95@gmail.com",
                "name": "email",
                "use_common_alert_schema": true
              }
            ],
            "enabled": true,
            "event_hub_receiver": [],
            "id": "/subscriptions/4421688c-0a8d-4588-8dd0-338c5271d0af/resourceGroups/rg-najla-devopsproj2/providers/Microsoft.Insights/actionGroups/devopsproj2najla-alerts",
            "itsm_receiver": [],
            "location": "global",
            "logic_app_receiver": [],
            "name": "devopsproj2najla-alerts",
            "resource_group_name": "rg-najla-devopsproj2",
            "short_name": "alerts",
            "sms_receiver": [],
            "tags": {
              "project": "devopsproj2najla"
            },
            "timeouts": null,
            "voice_receiver": [],
            "webhook_receiver": []
          },
          "sensitive_attributes": [],
          "identity_schema_version": 0,
          "private": "eyJlMmJmYjczMC1lY2FhLTExZTYtOGY4OC0zNDM2M2JjN2M0YzAiOnsiY3JlYXRlIjoxODAwMDAwMDAwMDAwLCJkZWxldGUiOjE4MDAwMDAwMDAwMDAsInJlYWQiOjMwMDAwMDAwMDAwMCwidXBkYXRlIjoxODAwMDAwMDAwMDAwfSwic2NoZW1hX3ZlcnNpb24iOiIxIn0=",
          "dependencies": [
            "azurerm_resource_group.rg"
          ]
        }
      ]
    },
    {
      "mode": "managed",
      "type": "azurerm_monitor_metric_alert",
      "name": "aca_backend_cpu",
      "provider": "provider[\"registry.terraform.io/hashicorp/azurerm\"]",
      "instances": [
        {
          "schema_version": 1,
          "attributes": {
            "action": [
              {
                "action_group_id": "/subscriptions/4421688c-0a8d-4588-8dd0-338c5271d0af/resourceGroups/rg-najla-devopsproj2/providers/Microsoft.Insights/actionGroups/devopsproj2najla-alerts",
                "webhook_properties": {}
              }
            ],
            "application_insights_web_test_location_availability_criteria": [],
            "auto_mitigate": true,
            "criteria": [
              {
                "aggregation": "Average",
                "dimension": [],
                "metric_name": "CpuPercentage",
                "metric_namespace": "Microsoft.App/containerApps",
                "operator": "GreaterThan",
                "skip_metric_validation": false,
                "threshold": 70
              }
            ],
            "description": "ACA backend CPU \u003e 70%",
            "dynamic_criteria": [],
            "enabled": true,
            "frequency": "PT1M",
            "id": "/subscriptions/4421688c-0a8d-4588-8dd0-338c5271d0af/resourceGroups/rg-najla-devopsproj2/providers/Microsoft.Insights/metricAlerts/devopsproj2najla-aca-backend-cpu",
            "name": "devopsproj2najla-aca-backend-cpu",
            "resource_group_name": "rg-najla-devopsproj2",
            "scopes": [
              "/subscriptions/4421688c-0a8d-4588-8dd0-338c5271d0af/resourceGroups/rg-najla-devopsproj2/providers/Microsoft.App/containerApps/devopsproj2najla-backend"
            ],
            "severity": 2,
            "tags": {
              "project": "devopsproj2najla"
            },
            "target_resource_location": "",
            "target_resource_type": "",
            "timeouts": null,
            "window_size": "PT5M"
          },
          "sensitive_attributes": [],
          "identity_schema_version": 0,
          "private": "eyJlMmJmYjczMC1lY2FhLTExZTYtOGY4OC0zNDM2M2JjN2M0YzAiOnsiY3JlYXRlIjoxODAwMDAwMDAwMDAwLCJkZWxldGUiOjE4MDAwMDAwMDAwMDAsInJlYWQiOjMwMDAwMDAwMDAwMCwidXBkYXRlIjoxODAwMDAwMDAwMDAwfSwic2NoZW1hX3ZlcnNpb24iOiIxIn0=",
          "dependencies": [
            "azurerm_container_app.be",
            "azurerm_container_app_environment.env",
            "azurerm_container_registry.acr",
            "azurerm_log_analytics_workspace.law",
            "azurerm_monitor_action_group.alerts",
            "azurerm_resource_group.rg",
            "azurerm_subnet.snet_aca",
            "azurerm_virtual_network.vnet"
          ]
        }
      ]
    },
    {
      "mode": "managed",
      "type": "azurerm_monitor_metric_alert",
      "name": "aca_backend_mem",
      "provider": "provider[\"registry.terraform.io/hashicorp/azurerm\"]",
      "instances": [
        {
          "schema_version": 1,
          "attributes": {
            "action": [
              {
                "action_group_id": "/subscriptions/4421688c-0a8d-4588-8dd0-338c5271d0af/resourceGroups/rg-najla-devopsproj2/providers/Microsoft.Insights/actionGroups/devopsproj2najla-alerts",
                "webhook_properties": {}
              }
            ],
            "application_insights_web_test_location_availability_criteria": [],
            "auto_mitigate": true,
            "criteria": [
              {
                "aggregation": "Average",
                "dimension": [],
                "metric_name": "MemoryPercentage",
                "metric_namespace": "Microsoft.App/containerApps",
                "operator": "GreaterThan",
                "skip_metric_validation": false,
                "threshold": 80
              }
            ],
            "description": "ACA backend Memory \u003e 80%",
            "dynamic_criteria": [],
            "enabled": true,
            "frequency": "PT1M",
            "id": "/subscriptions/4421688c-0a8d-4588-8dd0-338c5271d0af/resourceGroups/rg-najla-devopsproj2/providers/Microsoft.Insights/metricAlerts/devopsproj2najla-aca-backend-mem",
            "name": "devopsproj2najla-aca-backend-mem",
            "resource_group_name": "rg-najla-devopsproj2",
            "scopes": [
              "/subscriptions/4421688c-0a8d-4588-8dd0-338c5271d0af/resourceGroups/rg-najla-devopsproj2/providers/Microsoft.App/containerApps/devopsproj2najla-backend"
            ],
            "severity": 2,
            "tags": {
              "project": "devopsproj2najla"
            },
            "target_resource_location": "",
            "target_resource_type": "",
            "timeouts": null,
            "window_size": "PT5M"
          },
          "sensitive_attributes": [],
          "identity_schema_version": 0,
          "private": "eyJlMmJmYjczMC1lY2FhLTExZTYtOGY4OC0zNDM2M2JjN2M0YzAiOnsiY3JlYXRlIjoxODAwMDAwMDAwMDAwLCJkZWxldGUiOjE4MDAwMDAwMDAwMDAsInJlYWQiOjMwMDAwMDAwMDAwMCwidXBkYXRlIjoxODAwMDAwMDAwMDAwfSwic2NoZW1hX3ZlcnNpb24iOiIxIn0=",
          "dependencies": [
            "azurerm_container_app.be",
            "azurerm_container_app_environment.env",
            "azurerm_container_registry.acr",
            "azurerm_log_analytics_workspace.law",
            "azurerm_monitor_action_group.alerts",
            "azurerm_resource_group.rg",
            "azurerm_subnet.snet_aca",
            "azurerm_virtual_network.vnet"
          ]
        }
      ]
    },
    {
      "mode": "managed",
      "type": "azurerm_monitor_metric_alert",
      "name": "appgw_backend_unhealthy",
      "provider": "provider[\"registry.terraform.io/hashicorp/azurerm\"]",
      "instances": [
        {
          "schema_version": 1,
          "attributes": {
            "action": [
              {
                "action_group_id": "/subscriptions/4421688c-0a8d-4588-8dd0-338c5271d0af/resourceGroups/rg-najla-devopsproj2/providers/Microsoft.Insights/actionGroups/devopsproj2najla-alerts",
                "webhook_properties": {}
              }
            ],
            "application_insights_web_test_location_availability_criteria": [],
            "auto_mitigate": true,
            "criteria": [
              {
                "aggregation": "Average",
                "dimension": [],
                "metric_name": "UnhealthyHostCount",
                "metric_namespace": "Microsoft.Network/applicationGateways",
                "operator": "GreaterThan",
                "skip_metric_validation": false,
                "threshold": 0
              }
            ],
            "description": "Alert when any backend becomes unhealthy in App Gateway",
            "dynamic_criteria": [],
            "enabled": true,
            "frequency": "PT1M",
            "id": "/subscriptions/4421688c-0a8d-4588-8dd0-338c5271d0af/resourceGroups/rg-najla-devopsproj2/providers/Microsoft.Insights/metricAlerts/devopsproj2najla-agw-backend-unhealthy",
            "name": "devopsproj2najla-agw-backend-unhealthy",
            "resource_group_name": "rg-najla-devopsproj2",
            "scopes": [
              "/subscriptions/4421688c-0a8d-4588-8dd0-338c5271d0af/resourceGroups/rg-najla-devopsproj2/providers/Microsoft.Network/applicationGateways/devopsproj2najla-appgw"
            ],
            "severity": 2,
            "tags": {
              "project": "devopsproj2najla"
            },
            "target_resource_location": "",
            "target_resource_type": "",
            "timeouts": null,
            "window_size": "PT5M"
          },
          "sensitive_attributes": [],
          "identity_schema_version": 0,
          "private": "eyJlMmJmYjczMC1lY2FhLTExZTYtOGY4OC0zNDM2M2JjN2M0YzAiOnsiY3JlYXRlIjoxODAwMDAwMDAwMDAwLCJkZWxldGUiOjE4MDAwMDAwMDAwMDAsInJlYWQiOjMwMDAwMDAwMDAwMCwidXBkYXRlIjoxODAwMDAwMDAwMDAwfSwic2NoZW1hX3ZlcnNpb24iOiIxIn0=",
          "dependencies": [
            "azurerm_application_gateway.appgw",
            "azurerm_container_app_environment.env",
            "azurerm_log_analytics_workspace.law",
            "azurerm_monitor_action_group.alerts",
            "azurerm_public_ip.pip_appgw",
            "azurerm_resource_group.rg",
            "azurerm_subnet.snet_aca",
            "azurerm_subnet.snet_appgw",
            "azurerm_virtual_network.vnet"
          ]
        }
      ]
    },
    {
      "mode": "managed",
      "type": "azurerm_monitor_metric_alert",
      "name": "sql_high_usage",
      "provider": "provider[\"registry.terraform.io/hashicorp/azurerm\"]",
      "instances": [
        {
          "schema_version": 1,
          "attributes": {
            "action": [
              {
                "action_group_id": "/subscriptions/4421688c-0a8d-4588-8dd0-338c5271d0af/resourceGroups/rg-najla-devopsproj2/providers/Microsoft.Insights/actionGroups/devopsproj2najla-alerts",
                "webhook_properties": {}
              }
            ],
            "application_insights_web_test_location_availability_criteria": [],
            "auto_mitigate": true,
            "criteria": [
              {
                "aggregation": "Average",
                "dimension": [],
                "metric_name": "dtu_consumption_percent",
                "metric_namespace": "Microsoft.Sql/servers/databases",
                "operator": "GreaterThan",
                "skip_metric_validation": false,
                "threshold": 80
              }
            ],
            "description": "Alert when SQL DB utilization is high",
            "dynamic_criteria": [],
            "enabled": true,
            "frequency": "PT1M",
            "id": "/subscriptions/4421688c-0a8d-4588-8dd0-338c5271d0af/resourceGroups/rg-najla-devopsproj2/providers/Microsoft.Insights/metricAlerts/devopsproj2najla-sql-usage-high",
            "name": "devopsproj2najla-sql-usage-high",
            "resource_group_name": "rg-najla-devopsproj2",
            "scopes": [
              "/subscriptions/4421688c-0a8d-4588-8dd0-338c5271d0af/resourceGroups/rg-najla-devopsproj2/providers/Microsoft.Sql/servers/devopsproj2najla-sqlsrv/databases/devopsproj2najla-db"
            ],
            "severity": 2,
            "tags": {
              "project": "devopsproj2najla"
            },
            "target_resource_location": "",
            "target_resource_type": "",
            "timeouts": null,
            "window_size": "PT5M"
          },
          "sensitive_attributes": [],
          "identity_schema_version": 0,
          "private": "eyJlMmJmYjczMC1lY2FhLTExZTYtOGY4OC0zNDM2M2JjN2M0YzAiOnsiY3JlYXRlIjoxODAwMDAwMDAwMDAwLCJkZWxldGUiOjE4MDAwMDAwMDAwMDAsInJlYWQiOjMwMDAwMDAwMDAwMCwidXBkYXRlIjoxODAwMDAwMDAwMDAwfSwic2NoZW1hX3ZlcnNpb24iOiIxIn0=",
          "dependencies": [
            "azurerm_monitor_action_group.alerts",
            "azurerm_mssql_database.db",
            "azurerm_mssql_server.sql",
            "azurerm_resource_group.rg"
          ]
        }
      ]
    },
    {
      "mode": "managed",
      "type": "azurerm_mssql_database",
      "name": "db",
      "provider": "provider[\"registry.terraform.io/hashicorp/azurerm\"]",
      "instances": [
        {
          "schema_version": 1,
          "attributes": {
            "auto_pause_delay_in_minutes": 0,
            "collation": "SQL_Latin1_General_CP1_CI_AS",
            "create_mode": "Default",
            "creation_source_database_id": null,
            "elastic_pool_id": "",
            "enclave_type": "",
            "geo_backup_enabled": true,
            "id": "/subscriptions/4421688c-0a8d-4588-8dd0-338c5271d0af/resourceGroups/rg-najla-devopsproj2/providers/Microsoft.Sql/servers/devopsproj2najla-sqlsrv/databases/devopsproj2najla-db",
            "identity": [],
            "import": [],
            "ledger_enabled": false,
            "license_type": "",
            "long_term_retention_policy": [
              {
                "immutable_backups_enabled": false,
                "monthly_retention": "PT0S",
                "week_of_year": 1,
                "weekly_retention": "PT0S",
                "yearly_retention": "PT0S"
              }
            ],
            "maintenance_configuration_name": "SQL_Default",
            "max_size_gb": 2,
            "min_capacity": 0,
            "name": "devopsproj2najla-db",
            "read_replica_count": 0,
            "read_scale": false,
            "recover_database_id": null,
            "recovery_point_id": null,
            "restore_dropped_database_id": null,
            "restore_long_term_retention_backup_id": null,
            "restore_point_in_time": null,
            "sample_name": null,
            "secondary_type": "",
            "server_id": "/subscriptions/4421688c-0a8d-4588-8dd0-338c5271d0af/resourceGroups/rg-najla-devopsproj2/providers/Microsoft.Sql/servers/devopsproj2najla-sqlsrv",
            "short_term_retention_policy": [
              {
                "backup_interval_in_hours": 24,
                "retention_days": 7
              }
            ],
            "sku_name": "Basic",
            "storage_account_type": "Geo",
            "tags": {},
            "threat_detection_policy": [
              {
                "disabled_alerts": [],
                "email_account_admins": "Disabled",
                "email_addresses": [],
                "retention_days": 0,
                "state": "Disabled",
                "storage_account_access_key": "",
                "storage_endpoint": ""
              }
            ],
            "timeouts": null,
            "transparent_data_encryption_enabled": true,
            "transparent_data_encryption_key_automatic_rotation_enabled": false,
            "transparent_data_encryption_key_vault_key_id": "",
            "zone_redundant": false
          },
          "sensitive_attributes": [
            [
              {
                "type": "get_attr",
                "value": "threat_detection_policy"
              },
              {
                "type": "index",
                "value": {
                  "value": 0,
                  "type": "number"
                }
              },
              {
                "type": "get_attr",
                "value": "storage_account_access_key"
              }
            ]
          ],
          "identity_schema_version": 0,
          "private": "eyJlMmJmYjczMC1lY2FhLTExZTYtOGY4OC0zNDM2M2JjN2M0YzAiOnsiY3JlYXRlIjozNjAwMDAwMDAwMDAwLCJkZWxldGUiOjM2MDAwMDAwMDAwMDAsInJlYWQiOjMwMDAwMDAwMDAwMCwidXBkYXRlIjozNjAwMDAwMDAwMDAwfSwic2NoZW1hX3ZlcnNpb24iOiIxIn0=",
          "dependencies": [
            "azurerm_mssql_server.sql",
            "azurerm_resource_group.rg"
          ]
        }
      ]
    },
    {
      "mode": "managed",
      "type": "azurerm_mssql_server",
      "name": "sql",
      "provider": "provider[\"registry.terraform.io/hashicorp/azurerm\"]",
      "instances": [
        {
          "schema_version": 0,
          "attributes": {
            "administrator_login": "sqladminuser",
            "administrator_login_password": "Ironhack-sda7",
            "azuread_administrator": [],
            "connection_policy": "Default",
            "fully_qualified_domain_name": "devopsproj2najla-sqlsrv.database.windows.net",
            "id": "/subscriptions/4421688c-0a8d-4588-8dd0-338c5271d0af/resourceGroups/rg-najla-devopsproj2/providers/Microsoft.Sql/servers/devopsproj2najla-sqlsrv",
            "identity": [],
            "location": "japaneast",
            "minimum_tls_version": "1.2",
            "name": "devopsproj2najla-sqlsrv",
            "outbound_network_restriction_enabled": false,
            "primary_user_assigned_identity_id": "",
            "public_network_access_enabled": false,
            "resource_group_name": "rg-najla-devopsproj2",
            "restorable_dropped_database_ids": [],
            "tags": {},
            "timeouts": null,
            "transparent_data_encryption_key_vault_key_id": "",
            "version": "12.0"
          },
          "sensitive_attributes": [
            [
              {
                "type": "get_attr",
                "value": "administrator_login_password"
              }
            ]
          ],
          "identity_schema_version": 0,
          "private": "eyJlMmJmYjczMC1lY2FhLTExZTYtOGY4OC0zNDM2M2JjN2M0YzAiOnsiY3JlYXRlIjozNjAwMDAwMDAwMDAwLCJkZWxldGUiOjM2MDAwMDAwMDAwMDAsInJlYWQiOjMwMDAwMDAwMDAwMCwidXBkYXRlIjozNjAwMDAwMDAwMDAwfX0=",
          "dependencies": [
            "azurerm_resource_group.rg"
          ]
        }
      ]
    },
    {
      "mode": "managed",
      "type": "azurerm_private_dns_a_record",
      "name": "be_a",
      "provider": "provider[\"registry.terraform.io/hashicorp/azurerm\"]",
      "instances": [
        {
          "schema_version": 0,
          "attributes": {
            "fqdn": "devopsproj2najla-backend.wonderfulpebble-d34e3f53.japaneast.azurecontainerapps.io.",
            "id": "/subscriptions/4421688c-0a8d-4588-8dd0-338c5271d0af/resourceGroups/rg-najla-devopsproj2/providers/Microsoft.Network/privateDnsZones/wonderfulpebble-d34e3f53.japaneast.azurecontainerapps.io/A/devopsproj2najla-backend",
            "name": "devopsproj2najla-backend",
            "records": [
              "10.30.2.62"
            ],
            "resource_group_name": "rg-najla-devopsproj2",
            "tags": {},
            "timeouts": null,
            "ttl": 30,
            "zone_name": "wonderfulpebble-d34e3f53.japaneast.azurecontainerapps.io"
          },
          "sensitive_attributes": [],
          "identity_schema_version": 0,
          "private": "eyJlMmJmYjczMC1lY2FhLTExZTYtOGY4OC0zNDM2M2JjN2M0YzAiOnsiY3JlYXRlIjoxODAwMDAwMDAwMDAwLCJkZWxldGUiOjE4MDAwMDAwMDAwMDAsInJlYWQiOjMwMDAwMDAwMDAwMCwidXBkYXRlIjoxODAwMDAwMDAwMDAwfX0=",
          "dependencies": [
            "azurerm_container_app_environment.env",
            "azurerm_log_analytics_workspace.law",
            "azurerm_private_dns_zone.aca",
            "azurerm_resource_group.rg",
            "azurerm_subnet.snet_aca",
            "azurerm_virtual_network.vnet"
          ]
        }
      ]
    },
    {
      "mode": "managed",
      "type": "azurerm_private_dns_a_record",
      "name": "fe_a",
      "provider": "provider[\"registry.terraform.io/hashicorp/azurerm\"]",
      "instances": [
        {
          "schema_version": 0,
          "attributes": {
            "fqdn": "devopsproj2najla-frontend.wonderfulpebble-d34e3f53.japaneast.azurecontainerapps.io.",
            "id": "/subscriptions/4421688c-0a8d-4588-8dd0-338c5271d0af/resourceGroups/rg-najla-devopsproj2/providers/Microsoft.Network/privateDnsZones/wonderfulpebble-d34e3f53.japaneast.azurecontainerapps.io/A/devopsproj2najla-frontend",
            "name": "devopsproj2najla-frontend",
            "records": [
              "10.30.2.62"
            ],
            "resource_group_name": "rg-najla-devopsproj2",
            "tags": {},
            "timeouts": null,
            "ttl": 30,
            "zone_name": "wonderfulpebble-d34e3f53.japaneast.azurecontainerapps.io"
          },
          "sensitive_attributes": [],
          "identity_schema_version": 0,
          "private": "eyJlMmJmYjczMC1lY2FhLTExZTYtOGY4OC0zNDM2M2JjN2M0YzAiOnsiY3JlYXRlIjoxODAwMDAwMDAwMDAwLCJkZWxldGUiOjE4MDAwMDAwMDAwMDAsInJlYWQiOjMwMDAwMDAwMDAwMCwidXBkYXRlIjoxODAwMDAwMDAwMDAwfX0=",
          "dependencies": [
            "azurerm_container_app_environment.env",
            "azurerm_log_analytics_workspace.law",
            "azurerm_private_dns_zone.aca",
            "azurerm_resource_group.rg",
            "azurerm_subnet.snet_aca",
            "azurerm_virtual_network.vnet"
          ]
        }
      ]
    },
    {
      "mode": "managed",
      "type": "azurerm_private_dns_zone",
      "name": "aca",
      "provider": "provider[\"registry.terraform.io/hashicorp/azurerm\"]",
      "instances": [
        {
          "schema_version": 0,
          "attributes": {
            "id": "/subscriptions/4421688c-0a8d-4588-8dd0-338c5271d0af/resourceGroups/rg-najla-devopsproj2/providers/Microsoft.Network/privateDnsZones/wonderfulpebble-d34e3f53.japaneast.azurecontainerapps.io",
            "max_number_of_record_sets": 25000,
            "max_number_of_virtual_network_links": 1000,
            "max_number_of_virtual_network_links_with_registration": 100,
            "name": "wonderfulpebble-d34e3f53.japaneast.azurecontainerapps.io",
            "number_of_record_sets": 3,
            "resource_group_name": "rg-najla-devopsproj2",
            "soa_record": [
              {
                "email": "azureprivatedns-host.microsoft.com",
                "expire_time": 2419200,
                "fqdn": "wonderfulpebble-d34e3f53.japaneast.azurecontainerapps.io.",
                "host_name": "azureprivatedns.net",
                "minimum_ttl": 10,
                "refresh_time": 3600,
                "retry_time": 300,
                "serial_number": 1,
                "tags": {},
                "ttl": 3600
              }
            ],
            "tags": {},
            "timeouts": null
          },
          "sensitive_attributes": [],
          "identity_schema_version": 0,
          "private": "eyJlMmJmYjczMC1lY2FhLTExZTYtOGY4OC0zNDM2M2JjN2M0YzAiOnsiY3JlYXRlIjoxODAwMDAwMDAwMDAwLCJkZWxldGUiOjE4MDAwMDAwMDAwMDAsInJlYWQiOjMwMDAwMDAwMDAwMCwidXBkYXRlIjoxODAwMDAwMDAwMDAwfX0=",
          "dependencies": [
            "azurerm_container_app_environment.env",
            "azurerm_log_analytics_workspace.law",
            "azurerm_resource_group.rg",
            "azurerm_subnet.snet_aca",
            "azurerm_virtual_network.vnet"
          ]
        }
      ]
    },
    {
      "mode": "managed",
      "type": "azurerm_private_dns_zone",
      "name": "sql",
      "provider": "provider[\"registry.terraform.io/hashicorp/azurerm\"]",
      "instances": [
        {
          "schema_version": 0,
          "attributes": {
            "id": "/subscriptions/4421688c-0a8d-4588-8dd0-338c5271d0af/resourceGroups/rg-najla-devopsproj2/providers/Microsoft.Network/privateDnsZones/privatelink.database.windows.net",
            "max_number_of_record_sets": 25000,
            "max_number_of_virtual_network_links": 1000,
            "max_number_of_virtual_network_links_with_registration": 100,
            "name": "privatelink.database.windows.net",
            "number_of_record_sets": 2,
            "resource_group_name": "rg-najla-devopsproj2",
            "soa_record": [
              {
                "email": "azureprivatedns-host.microsoft.com",
                "expire_time": 2419200,
                "fqdn": "privatelink.database.windows.net.",
                "host_name": "azureprivatedns.net",
                "minimum_ttl": 10,
                "refresh_time": 3600,
                "retry_time": 300,
                "serial_number": 1,
                "tags": {},
                "ttl": 3600
              }
            ],
            "tags": {},
            "timeouts": null
          },
          "sensitive_attributes": [],
          "identity_schema_version": 0,
          "private": "eyJlMmJmYjczMC1lY2FhLTExZTYtOGY4OC0zNDM2M2JjN2M0YzAiOnsiY3JlYXRlIjoxODAwMDAwMDAwMDAwLCJkZWxldGUiOjE4MDAwMDAwMDAwMDAsInJlYWQiOjMwMDAwMDAwMDAwMCwidXBkYXRlIjoxODAwMDAwMDAwMDAwfX0=",
          "dependencies": [
            "azurerm_resource_group.rg"
          ]
        }
      ]
    },
    {
      "mode": "managed",
      "type": "azurerm_private_dns_zone_virtual_network_link",
      "name": "aca_link",
      "provider": "provider[\"registry.terraform.io/hashicorp/azurerm\"]",
      "instances": [
        {
          "schema_version": 0,
          "attributes": {
            "id": "/subscriptions/4421688c-0a8d-4588-8dd0-338c5271d0af/resourceGroups/rg-najla-devopsproj2/providers/Microsoft.Network/privateDnsZones/wonderfulpebble-d34e3f53.japaneast.azurecontainerapps.io/virtualNetworkLinks/aca-dns-link",
            "name": "aca-dns-link",
            "private_dns_zone_name": "wonderfulpebble-d34e3f53.japaneast.azurecontainerapps.io",
            "registration_enabled": false,
            "resource_group_name": "rg-najla-devopsproj2",
            "tags": {},
            "timeouts": null,
            "virtual_network_id": "/subscriptions/4421688c-0a8d-4588-8dd0-338c5271d0af/resourceGroups/rg-najla-devopsproj2/providers/Microsoft.Network/virtualNetworks/devopsproj2najla-vnet"
          },
          "sensitive_attributes": [],
          "identity_schema_version": 0,
          "private": "eyJlMmJmYjczMC1lY2FhLTExZTYtOGY4OC0zNDM2M2JjN2M0YzAiOnsiY3JlYXRlIjoxODAwMDAwMDAwMDAwLCJkZWxldGUiOjE4MDAwMDAwMDAwMDAsInJlYWQiOjMwMDAwMDAwMDAwMCwidXBkYXRlIjoxODAwMDAwMDAwMDAwfX0=",
          "dependencies": [
            "azurerm_container_app_environment.env",
            "azurerm_log_analytics_workspace.law",
            "azurerm_private_dns_zone.aca",
            "azurerm_resource_group.rg",
            "azurerm_subnet.snet_aca",
            "azurerm_virtual_network.vnet"
          ]
        }
      ]
    },
    {
      "mode": "managed",
      "type": "azurerm_private_dns_zone_virtual_network_link",
      "name": "sql_link",
      "provider": "provider[\"registry.terraform.io/hashicorp/azurerm\"]",
      "instances": [
        {
          "schema_version": 0,
          "attributes": {
            "id": "/subscriptions/4421688c-0a8d-4588-8dd0-338c5271d0af/resourceGroups/rg-najla-devopsproj2/providers/Microsoft.Network/privateDnsZones/privatelink.database.windows.net/virtualNetworkLinks/sql-dns-link-najla",
            "name": "sql-dns-link-najla",
            "private_dns_zone_name": "privatelink.database.windows.net",
            "registration_enabled": false,
            "resource_group_name": "rg-najla-devopsproj2",
            "tags": {},
            "timeouts": null,
            "virtual_network_id": "/subscriptions/4421688c-0a8d-4588-8dd0-338c5271d0af/resourceGroups/rg-najla-devopsproj2/providers/Microsoft.Network/virtualNetworks/devopsproj2najla-vnet"
          },
          "sensitive_attributes": [],
          "identity_schema_version": 0,
          "private": "eyJlMmJmYjczMC1lY2FhLTExZTYtOGY4OC0zNDM2M2JjN2M0YzAiOnsiY3JlYXRlIjoxODAwMDAwMDAwMDAwLCJkZWxldGUiOjE4MDAwMDAwMDAwMDAsInJlYWQiOjMwMDAwMDAwMDAwMCwidXBkYXRlIjoxODAwMDAwMDAwMDAwfX0=",
          "dependencies": [
            "azurerm_private_dns_zone.sql",
            "azurerm_resource_group.rg",
            "azurerm_virtual_network.vnet"
          ]
        }
      ]
    },
    {
      "mode": "managed",
      "type": "azurerm_private_endpoint",
      "name": "sql_pe",
      "provider": "provider[\"registry.terraform.io/hashicorp/azurerm\"]",
      "instances": [
        {
          "schema_version": 0,
          "attributes": {
            "custom_dns_configs": [],
            "custom_network_interface_name": "",
            "id": "/subscriptions/4421688c-0a8d-4588-8dd0-338c5271d0af/resourceGroups/rg-najla-devopsproj2/providers/Microsoft.Network/privateEndpoints/devopsproj2najla-sql-pe",
            "ip_configuration": [],
            "location": "japaneast",
            "name": "devopsproj2najla-sql-pe",
            "network_interface": [
              {
                "id": "/subscriptions/4421688c-0a8d-4588-8dd0-338c5271d0af/resourceGroups/rg-najla-devopsproj2/providers/Microsoft.Network/networkInterfaces/devopsproj2najla-sql-pe.nic.08c567cb-70cc-4deb-ab55-c1b0dc6dc99e",
                "name": "devopsproj2najla-sql-pe.nic.08c567cb-70cc-4deb-ab55-c1b0dc6dc99e"
              }
            ],
            "private_dns_zone_configs": [
              {
                "id": "/subscriptions/4421688c-0a8d-4588-8dd0-338c5271d0af/resourceGroups/rg-najla-devopsproj2/providers/Microsoft.Network/privateEndpoints/devopsproj2najla-sql-pe/privateDnsZoneGroups/sql-dns-zone-group/privateDnsZoneConfigs/privatelink.database.windows.net",
                "name": "privatelink.database.windows.net",
                "private_dns_zone_id": "/subscriptions/4421688c-0a8d-4588-8dd0-338c5271d0af/resourceGroups/rg-najla-devopsproj2/providers/Microsoft.Network/privateDnsZones/privatelink.database.windows.net",
                "record_sets": [
                  {
                    "fqdn": "devopsproj2najla-sqlsrv.privatelink.database.windows.net",
                    "ip_addresses": [
                      "10.30.12.4"
                    ],
                    "name": "devopsproj2najla-sqlsrv",
                    "ttl": 10,
                    "type": "A"
                  }
                ]
              }
            ],
            "private_dns_zone_group": [
              {
                "id": "/subscriptions/4421688c-0a8d-4588-8dd0-338c5271d0af/resourceGroups/rg-najla-devopsproj2/providers/Microsoft.Network/privateEndpoints/devopsproj2najla-sql-pe/privateDnsZoneGroups/sql-dns-zone-group",
                "name": "sql-dns-zone-group",
                "private_dns_zone_ids": [
                  "/subscriptions/4421688c-0a8d-4588-8dd0-338c5271d0af/resourceGroups/rg-najla-devopsproj2/providers/Microsoft.Network/privateDnsZones/privatelink.database.windows.net"
                ]
              }
            ],
            "private_service_connection": [
              {
                "is_manual_connection": false,
                "name": "sql-psc",
                "private_connection_resource_alias": "",
                "private_connection_resource_id": "/subscriptions/4421688c-0a8d-4588-8dd0-338c5271d0af/resourceGroups/rg-najla-devopsproj2/providers/Microsoft.Sql/servers/devopsproj2najla-sqlsrv",
                "private_ip_address": "10.30.12.4",
                "request_message": "",
                "subresource_names": [
                  "sqlServer"
                ]
              }
            ],
            "resource_group_name": "rg-najla-devopsproj2",
            "subnet_id": "/subscriptions/4421688c-0a8d-4588-8dd0-338c5271d0af/resourceGroups/rg-najla-devopsproj2/providers/Microsoft.Network/virtualNetworks/devopsproj2najla-vnet/subnets/snet-data-v2",
            "tags": {},
            "timeouts": null
          },
          "sensitive_attributes": [],
          "identity_schema_version": 0,
          "private": "eyJlMmJmYjczMC1lY2FhLTExZTYtOGY4OC0zNDM2M2JjN2M0YzAiOnsiY3JlYXRlIjozNjAwMDAwMDAwMDAwLCJkZWxldGUiOjM2MDAwMDAwMDAwMDAsInJlYWQiOjMwMDAwMDAwMDAwMCwidXBkYXRlIjozNjAwMDAwMDAwMDAwfX0=",
          "dependencies": [
            "azurerm_mssql_server.sql",
            "azurerm_private_dns_zone.sql",
            "azurerm_resource_group.rg",
            "azurerm_subnet.snet_data_v2",
            "azurerm_virtual_network.vnet"
          ]
        }
      ]
    },
    {
      "mode": "managed",
      "type": "azurerm_public_ip",
      "name": "pip_appgw",
      "provider": "provider[\"registry.terraform.io/hashicorp/azurerm\"]",
      "instances": [
        {
          "schema_version": 0,
          "attributes": {
            "allocation_method": "Static",
            "ddos_protection_mode": "VirtualNetworkInherited",
            "ddos_protection_plan_id": null,
            "domain_name_label": null,
            "edge_zone": "",
            "fqdn": null,
            "id": "/subscriptions/4421688c-0a8d-4588-8dd0-338c5271d0af/resourceGroups/rg-najla-devopsproj2/providers/Microsoft.Network/publicIPAddresses/devopsproj2najla-appgw-pip",
            "idle_timeout_in_minutes": 4,
            "ip_address": "48.210.248.193",
            "ip_tags": {},
            "ip_version": "IPv4",
            "location": "japaneast",
            "name": "devopsproj2najla-appgw-pip",
            "public_ip_prefix_id": null,
            "resource_group_name": "rg-najla-devopsproj2",
            "reverse_fqdn": null,
            "sku": "Standard",
            "sku_tier": "Regional",
            "tags": {
              "project": "devopsproj2najla"
            },
            "timeouts": null,
            "zones": []
          },
          "sensitive_attributes": [],
          "identity_schema_version": 0,
          "private": "eyJlMmJmYjczMC1lY2FhLTExZTYtOGY4OC0zNDM2M2JjN2M0YzAiOnsiY3JlYXRlIjoxODAwMDAwMDAwMDAwLCJkZWxldGUiOjE4MDAwMDAwMDAwMDAsInJlYWQiOjMwMDAwMDAwMDAwMCwidXBkYXRlIjoxODAwMDAwMDAwMDAwfX0=",
          "dependencies": [
            "azurerm_resource_group.rg"
          ]
        }
      ]
    },
    {
      "mode": "managed",
      "type": "azurerm_resource_group",
      "name": "rg",
      "provider": "provider[\"registry.terraform.io/hashicorp/azurerm\"]",
      "instances": [
        {
          "schema_version": 0,
          "attributes": {
            "id": "/subscriptions/4421688c-0a8d-4588-8dd0-338c5271d0af/resourceGroups/rg-najla-devopsproj2",
            "location": "japaneast",
            "managed_by": "",
            "name": "rg-najla-devopsproj2",
            "tags": {},
            "timeouts": null
          },
          "sensitive_attributes": [],
          "identity_schema_version": 0,
          "private": "eyJlMmJmYjczMC1lY2FhLTExZTYtOGY4OC0zNDM2M2JjN2M0YzAiOnsiY3JlYXRlIjo1NDAwMDAwMDAwMDAwLCJkZWxldGUiOjU0MDAwMDAwMDAwMDAsInJlYWQiOjMwMDAwMDAwMDAwMCwidXBkYXRlIjo1NDAwMDAwMDAwMDAwfSwic2NoZW1hX3ZlcnNpb24iOiIwIn0="
        }
      ]
    },
    {
      "mode": "managed",
      "type": "azurerm_subnet",
      "name": "snet_aca",
      "provider": "provider[\"registry.terraform.io/hashicorp/azurerm\"]",
      "instances": [
        {
          "schema_version": 0,
          "attributes": {
            "address_prefixes": [
              "10.30.2.0/23"
            ],
            "default_outbound_access_enabled": true,
            "delegation": [],
            "enforce_private_link_endpoint_network_policies": false,
            "enforce_private_link_service_network_policies": false,
            "id": "/subscriptions/4421688c-0a8d-4588-8dd0-338c5271d0af/resourceGroups/rg-najla-devopsproj2/providers/Microsoft.Network/virtualNetworks/devopsproj2najla-vnet/subnets/snet-aca",
            "name": "snet-aca",
            "private_endpoint_network_policies": "Enabled",
            "private_endpoint_network_policies_enabled": true,
            "private_link_service_network_policies_enabled": true,
            "resource_group_name": "rg-najla-devopsproj2",
            "service_endpoint_policy_ids": [],
            "service_endpoints": [],
            "timeouts": null,
            "virtual_network_name": "devopsproj2najla-vnet"
          },
          "sensitive_attributes": [],
          "identity_schema_version": 0,
          "private": "eyJlMmJmYjczMC1lY2FhLTExZTYtOGY4OC0zNDM2M2JjN2M0YzAiOnsiY3JlYXRlIjoxODAwMDAwMDAwMDAwLCJkZWxldGUiOjE4MDAwMDAwMDAwMDAsInJlYWQiOjMwMDAwMDAwMDAwMCwidXBkYXRlIjoxODAwMDAwMDAwMDAwfX0=",
          "dependencies": [
            "azurerm_resource_group.rg",
            "azurerm_virtual_network.vnet"
          ]
        }
      ]
    },
    {
      "mode": "managed",
      "type": "azurerm_subnet",
      "name": "snet_appgw",
      "provider": "provider[\"registry.terraform.io/hashicorp/azurerm\"]",
      "instances": [
        {
          "schema_version": 0,
          "attributes": {
            "address_prefixes": [
              "10.30.0.0/27"
            ],
            "default_outbound_access_enabled": true,
            "delegation": [],
            "enforce_private_link_endpoint_network_policies": false,
            "enforce_private_link_service_network_policies": false,
            "id": "/subscriptions/4421688c-0a8d-4588-8dd0-338c5271d0af/resourceGroups/rg-najla-devopsproj2/providers/Microsoft.Network/virtualNetworks/devopsproj2najla-vnet/subnets/snet-appgw",
            "name": "snet-appgw",
            "private_endpoint_network_policies": "Enabled",
            "private_endpoint_network_policies_enabled": true,
            "private_link_service_network_policies_enabled": true,
            "resource_group_name": "rg-najla-devopsproj2",
            "service_endpoint_policy_ids": [],
            "service_endpoints": [],
            "timeouts": null,
            "virtual_network_name": "devopsproj2najla-vnet"
          },
          "sensitive_attributes": [],
          "identity_schema_version": 0,
          "private": "eyJlMmJmYjczMC1lY2FhLTExZTYtOGY4OC0zNDM2M2JjN2M0YzAiOnsiY3JlYXRlIjoxODAwMDAwMDAwMDAwLCJkZWxldGUiOjE4MDAwMDAwMDAwMDAsInJlYWQiOjMwMDAwMDAwMDAwMCwidXBkYXRlIjoxODAwMDAwMDAwMDAwfX0=",
          "dependencies": [
            "azurerm_resource_group.rg",
            "azurerm_virtual_network.vnet"
          ]
        }
      ]
    },
    {
      "mode": "managed",
      "type": "azurerm_subnet",
      "name": "snet_data",
      "provider": "provider[\"registry.terraform.io/hashicorp/azurerm\"]",
      "instances": [
        {
          "schema_version": 0,
          "attributes": {
            "address_prefixes": [
              "10.30.4.0/24"
            ],
            "default_outbound_access_enabled": true,
            "delegation": [],
            "enforce_private_link_endpoint_network_policies": true,
            "enforce_private_link_service_network_policies": false,
            "id": "/subscriptions/4421688c-0a8d-4588-8dd0-338c5271d0af/resourceGroups/rg-najla-devopsproj2/providers/Microsoft.Network/virtualNetworks/devopsproj2najla-vnet/subnets/snet-data",
            "name": "snet-data",
            "private_endpoint_network_policies": "Disabled",
            "private_endpoint_network_policies_enabled": false,
            "private_link_service_network_policies_enabled": true,
            "resource_group_name": "rg-najla-devopsproj2",
            "service_endpoint_policy_ids": [],
            "service_endpoints": [],
            "timeouts": null,
            "virtual_network_name": "devopsproj2najla-vnet"
          },
          "sensitive_attributes": [],
          "identity_schema_version": 0,
          "private": "eyJlMmJmYjczMC1lY2FhLTExZTYtOGY4OC0zNDM2M2JjN2M0YzAiOnsiY3JlYXRlIjoxODAwMDAwMDAwMDAwLCJkZWxldGUiOjE4MDAwMDAwMDAwMDAsInJlYWQiOjMwMDAwMDAwMDAwMCwidXBkYXRlIjoxODAwMDAwMDAwMDAwfX0=",
          "dependencies": [
            "azurerm_resource_group.rg",
            "azurerm_virtual_network.vnet"
          ]
        }
      ]
    },
    {
      "mode": "managed",
      "type": "azurerm_subnet",
      "name": "snet_data_v2",
      "provider": "provider[\"registry.terraform.io/hashicorp/azurerm\"]",
      "instances": [
        {
          "schema_version": 0,
          "attributes": {
            "address_prefixes": [
              "10.30.12.0/24"
            ],
            "default_outbound_access_enabled": true,
            "delegation": [],
            "enforce_private_link_endpoint_network_policies": true,
            "enforce_private_link_service_network_policies": false,
            "id": "/subscriptions/4421688c-0a8d-4588-8dd0-338c5271d0af/resourceGroups/rg-najla-devopsproj2/providers/Microsoft.Network/virtualNetworks/devopsproj2najla-vnet/subnets/snet-data-v2",
            "name": "snet-data-v2",
            "private_endpoint_network_policies": "Disabled",
            "private_endpoint_network_policies_enabled": false,
            "private_link_service_network_policies_enabled": true,
            "resource_group_name": "rg-najla-devopsproj2",
            "service_endpoint_policy_ids": [],
            "service_endpoints": [],
            "timeouts": null,
            "virtual_network_name": "devopsproj2najla-vnet"
          },
          "sensitive_attributes": [],
          "identity_schema_version": 0,
          "private": "eyJlMmJmYjczMC1lY2FhLTExZTYtOGY4OC0zNDM2M2JjN2M0YzAiOnsiY3JlYXRlIjoxODAwMDAwMDAwMDAwLCJkZWxldGUiOjE4MDAwMDAwMDAwMDAsInJlYWQiOjMwMDAwMDAwMDAwMCwidXBkYXRlIjoxODAwMDAwMDAwMDAwfX0=",
          "dependencies": [
            "azurerm_resource_group.rg",
            "azurerm_virtual_network.vnet"
          ]
        }
      ]
    },
    {
      "mode": "managed",
      "type": "azurerm_virtual_network",
      "name": "vnet",
      "provider": "provider[\"registry.terraform.io/hashicorp/azurerm\"]",
      "instances": [
        {
          "schema_version": 0,
          "attributes": {
            "address_space": [
              "10.30.0.0/16"
            ],
            "bgp_community": "",
            "ddos_protection_plan": [],
            "dns_servers": [],
            "edge_zone": "",
            "encryption": [],
            "flow_timeout_in_minutes": 0,
            "guid": "e0a5d364-1fe1-4ca4-902c-1075a2ac8d6e",
            "id": "/subscriptions/4421688c-0a8d-4588-8dd0-338c5271d0af/resourceGroups/rg-najla-devopsproj2/providers/Microsoft.Network/virtualNetworks/devopsproj2najla-vnet",
            "location": "japaneast",
            "name": "devopsproj2najla-vnet",
            "resource_group_name": "rg-najla-devopsproj2",
            "subnet": [
              {
                "address_prefix": "10.30.0.0/27",
                "id": "/subscriptions/4421688c-0a8d-4588-8dd0-338c5271d0af/resourceGroups/rg-najla-devopsproj2/providers/Microsoft.Network/virtualNetworks/devopsproj2najla-vnet/subnets/snet-appgw",
                "name": "snet-appgw",
                "security_group": ""
              },
              {
                "address_prefix": "10.30.12.0/24",
                "id": "/subscriptions/4421688c-0a8d-4588-8dd0-338c5271d0af/resourceGroups/rg-najla-devopsproj2/providers/Microsoft.Network/virtualNetworks/devopsproj2najla-vnet/subnets/snet-data-v2",
                "name": "snet-data-v2",
                "security_group": ""
              },
              {
                "address_prefix": "10.30.2.0/23",
                "id": "/subscriptions/4421688c-0a8d-4588-8dd0-338c5271d0af/resourceGroups/rg-najla-devopsproj2/providers/Microsoft.Network/virtualNetworks/devopsproj2najla-vnet/subnets/snet-aca",
                "name": "snet-aca",
                "security_group": ""
              },
              {
                "address_prefix": "10.30.4.0/24",
                "id": "/subscriptions/4421688c-0a8d-4588-8dd0-338c5271d0af/resourceGroups/rg-najla-devopsproj2/providers/Microsoft.Network/virtualNetworks/devopsproj2najla-vnet/subnets/snet-data",
                "name": "snet-data",
                "security_group": ""
              }
            ],
            "tags": {},
            "timeouts": null
          },
          "sensitive_attributes": [],
          "identity_schema_version": 0,
          "private": "eyJlMmJmYjczMC1lY2FhLTExZTYtOGY4OC0zNDM2M2JjN2M0YzAiOnsiY3JlYXRlIjoxODAwMDAwMDAwMDAwLCJkZWxldGUiOjE4MDAwMDAwMDAwMDAsInJlYWQiOjMwMDAwMDAwMDAwMCwidXBkYXRlIjoxODAwMDAwMDAwMDAwfX0=",
          "dependencies": [
            "azurerm_resource_group.rg"
          ]
        }
      ]
    }
  ],
  "check_results": null
}
